{
  "requires": true,
  "lockfileVersion": 1,
  "dependencies": {
    "elm-autocomplete": {
      "version": "1.0.0",
      "resolved": "https://registry.npmjs.org/elm-autocomplete/-/elm-autocomplete-1.0.0.tgz",
      "integrity": "sha512-gYFW+LaDAJOh44E+hRVDGrTD7LOc97X5aZ0MLEBX1IJhv4BGkl91ad4Ngv1oBty33ytzB0yR1gXTYBJ/Jp1RkA=="
    }
  }
}
